{
  "name": "intro_to_node",
  "version": "1.0.0",
  "lockfileVersion": 1,
  "requires": true,
  "dependencies": {
    "name-generate": {
      "version": "0.0.1",
      "resolved": "https://registry.npmjs.org/name-generate/-/name-generate-0.0.1.tgz",
      "integrity": "sha512-a4tHFR1Xx1Qf+W8JWBqumq05ZLfQa7pDu/6xfl0hLxZIP5loHqWCDYr+oydCNd916lHzn+smKjEhfVBOrAYCiA=="
    }
  }
}
